
Microsoft Visual Studio Solution File, Format Version 12.00
# Visual Studio Version 17
VisualStudioVersion = 17.14.36915.13 d17.14
MinimumVisualStudioVersion = 10.0.40219.1
Project("{2150E333-8FDC-42A3-9474-1A3956D46DE8}") = "src", "src", "{02EA681E-C7D8-13C7-8484-4AC65E1B71E8}"
EndProject
Project("{FAE04EC0-301F-11D3-BF4B-00C04F79EFBC}") = "Odyssey.AppHost", "src\Odyssey.AppHost\Odyssey.AppHost.csproj", "{5B2506BB-B112-430E-8456-106811AE2212}"
EndProject
Project("{FAE04EC0-301F-11D3-BF4B-00C04F79EFBC}") = "Odyssey.ServiceDefaults", "src\Odyssey.ServiceDefaults\Odyssey.ServiceDefaults.csproj", "{D5D79805-7C8D-D9EC-4415-C2311E9CB1CA}"
EndProject
Project("{FAE04EC0-301F-11D3-BF4B-00C04F79EFBC}") = "Odyssey.ApiService", "src\Odyssey.ApiService\Odyssey.ApiService.csproj", "{EF4A98B1-39FC-A74F-C22B-231A7E344CEA}"
EndProject
Project("{FAE04EC0-301F-11D3-BF4B-00C04F79EFBC}") = "Odyssey.Web", "src\Odyssey.Web\Odyssey.Web.csproj", "{4736C186-1CA0-7E63-AC95-364FD333345E}"
EndProject
Project("{FAE04EC0-301F-11D3-BF4B-00C04F79EFBC}") = "Odyssey.Tests", "src\Odyssey.Tests\Odyssey.Tests.csproj", "{080B353B-82E5-C01E-5C47-78BF62A15506}"
EndProject
Project("{2150E333-8FDC-42A3-9474-1A3956D46DE8}") = "Services", "Services", "{1CDF84D1-DAED-4FD9-B497-72C85AC62C65}"
EndProject
Project("{2150E333-8FDC-42A3-9474-1A3956D46DE8}") = "Odyssey.HomestayService", "Odyssey.HomestayService", "{B0050AB6-CD54-4983-99EB-D039DA23B2C4}"
EndProject
Project("{2150E333-8FDC-42A3-9474-1A3956D46DE8}") = "Odyssey.AIGuideService", "Odyssey.AIGuideService", "{4EC406D7-42A6-4C4B-8CB7-47632DA27A33}"
EndProject
Project("{2150E333-8FDC-42A3-9474-1A3956D46DE8}") = "Odyssey.TripService", "Odyssey.TripService", "{805F1096-9EC4-4D7D-9B9F-E660931ABBE4}"
EndProject
Project("{2150E333-8FDC-42A3-9474-1A3956D46DE8}") = "Odyssey.AuthService", "Odyssey.AuthService", "{88062793-29E8-404D-9D2A-428696402E71}"
EndProject
Project("{2150E333-8FDC-42A3-9474-1A3956D46DE8}") = "Odyssey.NotificationService", "Odyssey.NotificationService", "{B7CB2C00-47FF-4ADA-ACE7-710C71A0B848}"
EndProject
Project("{FAE04EC0-301F-11D3-BF4B-00C04F79EFBC}") = "AuthService.API", "src\Services\Odyssey.AuthService\AuthService.API\AuthService.API.csproj", "{AE771EF2-A7EB-4B2C-150A-50B9D2B740E5}"
EndProject
Project("{FAE04EC0-301F-11D3-BF4B-00C04F79EFBC}") = "AuthService.Application", "src\Services\Odyssey.AuthService\AuthService.Application\AuthService.Application.csproj", "{D6E4361B-06DD-4F9C-AE83-0473A0516D20}"
EndProject
Project("{FAE04EC0-301F-11D3-BF4B-00C04F79EFBC}") = "AuthService.Core", "src\Services\Odyssey.AuthService\AuthService.Core\AuthService.Core.csproj", "{54DF641A-CEC1-4CC5-B2FE-E0D132319571}"
EndProject
Project("{FAE04EC0-301F-11D3-BF4B-00C04F79EFBC}") = "AuthService.Infrastructure", "src\Services\Odyssey.AuthService\AuthService.Infrastructure\AuthService.Infrastructure.csproj", "{43A54AC0-B7AE-4C06-BDC4-E50C53A96CE5}"
EndProject
Project("{FAE04EC0-301F-11D3-BF4B-00C04F79EFBC}") = "AuthService.Shared", "src\Services\Odyssey.AuthService\AuthService.Shared\AuthService.Shared.csproj", "{79775C01-F4F5-46D8-9DFA-9B3EA95D754A}"
EndProject
Project("{FAE04EC0-301F-11D3-BF4B-00C04F79EFBC}") = "HomestayService.API", "src\Services\Odyssey.HomestayService\HomestayService.API\HomestayService.API.csproj", "{A9A92774-EBAF-DBFE-9265-7FCCD2882EEB}"
EndProject
Project("{FAE04EC0-301F-11D3-BF4B-00C04F79EFBC}") = "HomestayService.Application", "src\Services\Odyssey.HomestayService\HomestayService.Application\HomestayService.Application.csproj", "{C173366D-8E52-4A91-97E7-00F4E78A9857}"
EndProject
Project("{FAE04EC0-301F-11D3-BF4B-00C04F79EFBC}") = "HomestayService.Core", "src\Services\Odyssey.HomestayService\HomestayService.Core\HomestayService.Core.csproj", "{C6BEF0C2-EE5A-4015-B702-1B099078CABA}"
EndProject
Project("{FAE04EC0-301F-11D3-BF4B-00C04F79EFBC}") = "HomestayService.Infrastructure", "src\Services\Odyssey.HomestayService\HomestayService.Infrastructure\HomestayService.Infrastructure.csproj", "{F3172545-8F46-470D-ADC4-4533F2DDAAD2}"
EndProject
Project("{FAE04EC0-301F-11D3-BF4B-00C04F79EFBC}") = "TripService.API", "src\Services\Odyssey.TripService\TripService.API\TripService.API.csproj", "{2DC9D968-8816-B8B1-B3ED-CB90CFAB522A}"
EndProject
Project("{FAE04EC0-301F-11D3-BF4B-00C04F79EFBC}") = "TripService.Application", "src\Services\Odyssey.TripService\TripService.Application\TripService.Application.csproj", "{CAC366E5-58D3-4F6E-8E78-83AD7B11C0AD}"
EndProject
Project("{FAE04EC0-301F-11D3-BF4B-00C04F79EFBC}") = "TripService.Infrastructure", "src\Services\Odyssey.TripService\TripService.Infrastructure\TripService.Infrastructure.csproj", "{ECD1C175-1499-4433-9265-BB5F9B175AC4}"
EndProject
Project("{FAE04EC0-301F-11D3-BF4B-00C04F79EFBC}") = "TripService.Core", "src\Services\Odyssey.TripService\TripService.Core\TripService.Core.csproj", "{DD60C60C-801F-4343-A755-ED80EF9E471A}"
EndProject
Project("{FAE04EC0-301F-11D3-BF4B-00C04F79EFBC}") = "AIGuideService.API", "src\Services\Odyssey.AIGuideService\AIGuideService.API\AIGuideService.API.csproj", "{CBE3DD59-6D20-1642-F6D6-C7C64851B947}"
EndProject
Project("{FAE04EC0-301F-11D3-BF4B-00C04F79EFBC}") = "AIGuideService.Application", "src\Services\Odyssey.AIGuideService\AIGuideService.Application\AIGuideService.Application.csproj", "{D81F3355-FD12-4941-ADE1-F4C265CF086E}"
EndProject
Project("{FAE04EC0-301F-11D3-BF4B-00C04F79EFBC}") = "AIGuideService.Infrastructure", "src\Services\Odyssey.AIGuideService\AIGuideService.Infrastructure\AIGuideService.Infrastructure.csproj", "{9DDA6142-16BC-404B-8814-25BE168350AD}"
EndProject
Project("{FAE04EC0-301F-11D3-BF4B-00C04F79EFBC}") = "AIGuideService.Core", "src\Services\Odyssey.AIGuideService\AIGuideService.Core\AIGuideService.Core.csproj", "{9A6336F0-6BD2-496B-B744-D5256BB2F04F}"
EndProject
Project("{FAE04EC0-301F-11D3-BF4B-00C04F79EFBC}") = "NotificationService.API", "src\Services\Odyssey.NotificationService\NotificationService.API\NotificationService.API.csproj", "{B14987C4-9A6B-8FF6-B246-A0313E15E1C8}"
EndProject
Project("{FAE04EC0-301F-11D3-BF4B-00C04F79EFBC}") = "NotificationService.Application", "src\Services\Odyssey.NotificationService\NotificationService.Application\NotificationService.Application.csproj", "{6A9C229F-BD62-4AF2-87F3-0EC164C31092}"
EndProject
Project("{FAE04EC0-301F-11D3-BF4B-00C04F79EFBC}") = "NotificationService.Infrastructure", "src\Services\Odyssey.NotificationService\NotificationService.Infrastructure\NotificationService.Infrastructure.csproj", "{686B7AA9-D0B3-4894-A11E-E30CC9A203B4}"
EndProject
Project("{FAE04EC0-301F-11D3-BF4B-00C04F79EFBC}") = "NotificationService.Core", "src\Services\Odyssey.NotificationService\NotificationService.Core\NotificationService.Core.csproj", "{9675C462-B0B8-4407-9937-860F765D063C}"
EndProject
Project("{FAE04EC0-301F-11D3-BF4B-00C04F79EFBC}") = "NotificationService.Shared", "src\Services\Odyssey.NotificationService\NotificationService.Shared\NotificationService.Shared.csproj", "{8927A0F8-DE65-4B20-8519-D676328F9F49}"
EndProject
Project("{FAE04EC0-301F-11D3-BF4B-00C04F79EFBC}") = "TripService.Shared", "src\Services\Odyssey.TripService\TripService.Shared\TripService.Shared.csproj", "{6C14755A-E006-409E-A9E5-08AC3179C700}"
EndProject
Project("{FAE04EC0-301F-11D3-BF4B-00C04F79EFBC}") = "HomestayService.Shared", "src\Services\Odyssey.HomestayService\HomestayService.Shared\HomestayService.Shared.csproj", "{628CFBFB-7457-40A7-BC4F-B757143B3500}"
EndProject
Project("{FAE04EC0-301F-11D3-BF4B-00C04F79EFBC}") = "AIGuideService.Shared", "src\Services\Odyssey.AIGuideService\AIGuideService.Shared\AIGuideService.Shared.csproj", "{12162727-C681-450D-939F-B90002A16DF9}"
EndProject
Global
	GlobalSection(SolutionConfigurationPlatforms) = preSolution
		Debug|Any CPU = Debug|Any CPU
		Release|Any CPU = Release|Any CPU
	EndGlobalSection
	GlobalSection(ProjectConfigurationPlatforms) = postSolution
		{5B2506BB-B112-430E-8456-106811AE2212}.Debug|Any CPU.ActiveCfg = Debug|Any CPU
		{5B2506BB-B112-430E-8456-106811AE2212}.Debug|Any CPU.Build.0 = Debug|Any CPU
		{5B2506BB-B112-430E-8456-106811AE2212}.Release|Any CPU.ActiveCfg = Release|Any CPU
		{5B2506BB-B112-430E-8456-106811AE2212}.Release|Any CPU.Build.0 = Release|Any CPU
		{D5D79805-7C8D-D9EC-4415-C2311E9CB1CA}.Debug|Any CPU.ActiveCfg = Debug|Any CPU
		{D5D79805-7C8D-D9EC-4415-C2311E9CB1CA}.Debug|Any CPU.Build.0 = Debug|Any CPU
		{D5D79805-7C8D-D9EC-4415-C2311E9CB1CA}.Release|Any CPU.ActiveCfg = Release|Any CPU
		{D5D79805-7C8D-D9EC-4415-C2311E9CB1CA}.Release|Any CPU.Build.0 = Release|Any CPU
		{EF4A98B1-39FC-A74F-C22B-231A7E344CEA}.Debug|Any CPU.ActiveCfg = Debug|Any CPU
		{EF4A98B1-39FC-A74F-C22B-231A7E344CEA}.Debug|Any CPU.Build.0 = Debug|Any CPU
		{EF4A98B1-39FC-A74F-C22B-231A7E344CEA}.Release|Any CPU.ActiveCfg = Release|Any CPU
		{EF4A98B1-39FC-A74F-C22B-231A7E344CEA}.Release|Any CPU.Build.0 = Release|Any CPU
		{4736C186-1CA0-7E63-AC95-364FD333345E}.Debug|Any CPU.ActiveCfg = Debug|Any CPU
		{4736C186-1CA0-7E63-AC95-364FD333345E}.Debug|Any CPU.Build.0 = Debug|Any CPU
		{4736C186-1CA0-7E63-AC95-364FD333345E}.Release|Any CPU.ActiveCfg = Release|Any CPU
		{4736C186-1CA0-7E63-AC95-364FD333345E}.Release|Any CPU.Build.0 = Release|Any CPU
		{080B353B-82E5-C01E-5C47-78BF62A15506}.Debug|Any CPU.ActiveCfg = Debug|Any CPU
		{080B353B-82E5-C01E-5C47-78BF62A15506}.Debug|Any CPU.Build.0 = Debug|Any CPU
		{080B353B-82E5-C01E-5C47-78BF62A15506}.Release|Any CPU.ActiveCfg = Release|Any CPU
		{080B353B-82E5-C01E-5C47-78BF62A15506}.Release|Any CPU.Build.0 = Release|Any CPU
		{AE771EF2-A7EB-4B2C-150A-50B9D2B740E5}.Debug|Any CPU.ActiveCfg = Debug|Any CPU
		{AE771EF2-A7EB-4B2C-150A-50B9D2B740E5}.Debug|Any CPU.Build.0 = Debug|Any CPU
		{AE771EF2-A7EB-4B2C-150A-50B9D2B740E5}.Release|Any CPU.ActiveCfg = Release|Any CPU
		{AE771EF2-A7EB-4B2C-150A-50B9D2B740E5}.Release|Any CPU.Build.0 = Release|Any CPU
		{D6E4361B-06DD-4F9C-AE83-0473A0516D20}.Debug|Any CPU.ActiveCfg = Debug|Any CPU
		{D6E4361B-06DD-4F9C-AE83-0473A0516D20}.Debug|Any CPU.Build.0 = Debug|Any CPU
		{D6E4361B-06DD-4F9C-AE83-0473A0516D20}.Release|Any CPU.ActiveCfg = Release|Any CPU
		{D6E4361B-06DD-4F9C-AE83-0473A0516D20}.Release|Any CPU.Build.0 = Release|Any CPU
		{54DF641A-CEC1-4CC5-B2FE-E0D132319571}.Debug|Any CPU.ActiveCfg = Debug|Any CPU
		{54DF641A-CEC1-4CC5-B2FE-E0D132319571}.Debug|Any CPU.Build.0 = Debug|Any CPU
		{54DF641A-CEC1-4CC5-B2FE-E0D132319571}.Release|Any CPU.ActiveCfg = Release|Any CPU
		{54DF641A-CEC1-4CC5-B2FE-E0D132319571}.Release|Any CPU.Build.0 = Release|Any CPU
		{43A54AC0-B7AE-4C06-BDC4-E50C53A96CE5}.Debug|Any CPU.ActiveCfg = Debug|Any CPU
		{43A54AC0-B7AE-4C06-BDC4-E50C53A96CE5}.Debug|Any CPU.Build.0 = Debug|Any CPU
		{43A54AC0-B7AE-4C06-BDC4-E50C53A96CE5}.Release|Any CPU.ActiveCfg = Release|Any CPU
		{43A54AC0-B7AE-4C06-BDC4-E50C53A96CE5}.Release|Any CPU.Build.0 = Release|Any CPU
		{79775C01-F4F5-46D8-9DFA-9B3EA95D754A}.Debug|Any CPU.ActiveCfg = Debug|Any CPU
		{79775C01-F4F5-46D8-9DFA-9B3EA95D754A}.Debug|Any CPU.Build.0 = Debug|Any CPU
		{79775C01-F4F5-46D8-9DFA-9B3EA95D754A}.Release|Any CPU.ActiveCfg = Release|Any CPU
		{79775C01-F4F5-46D8-9DFA-9B3EA95D754A}.Release|Any CPU.Build.0 = Release|Any CPU
		{A9A92774-EBAF-DBFE-9265-7FCCD2882EEB}.Debug|Any CPU.ActiveCfg = Debug|Any CPU
		{A9A92774-EBAF-DBFE-9265-7FCCD2882EEB}.Debug|Any CPU.Build.0 = Debug|Any CPU
		{A9A92774-EBAF-DBFE-9265-7FCCD2882EEB}.Release|Any CPU.ActiveCfg = Release|Any CPU
		{A9A92774-EBAF-DBFE-9265-7FCCD2882EEB}.Release|Any CPU.Build.0 = Release|Any CPU
		{C173366D-8E52-4A91-97E7-00F4E78A9857}.Debug|Any CPU.ActiveCfg = Debug|Any CPU
		{C173366D-8E52-4A91-97E7-00F4E78A9857}.Debug|Any CPU.Build.0 = Debug|Any CPU
		{C173366D-8E52-4A91-97E7-00F4E78A9857}.Release|Any CPU.ActiveCfg = Release|Any CPU
		{C173366D-8E52-4A91-97E7-00F4E78A9857}.Release|Any CPU.Build.0 = Release|Any CPU
		{C6BEF0C2-EE5A-4015-B702-1B099078CABA}.Debug|Any CPU.ActiveCfg = Debug|Any CPU
		{C6BEF0C2-EE5A-4015-B702-1B099078CABA}.Debug|Any CPU.Build.0 = Debug|Any CPU
		{C6BEF0C2-EE5A-4015-B702-1B099078CABA}.Release|Any CPU.ActiveCfg = Release|Any CPU
		{C6BEF0C2-EE5A-4015-B702-1B099078CABA}.Release|Any CPU.Build.0 = Release|Any CPU
		{F3172545-8F46-470D-ADC4-4533F2DDAAD2}.Debug|Any CPU.ActiveCfg = Debug|Any CPU
		{F3172545-8F46-470D-ADC4-4533F2DDAAD2}.Debug|Any CPU.Build.0 = Debug|Any CPU
		{F3172545-8F46-470D-ADC4-4533F2DDAAD2}.Release|Any CPU.ActiveCfg = Release|Any CPU
		{F3172545-8F46-470D-ADC4-4533F2DDAAD2}.Release|Any CPU.Build.0 = Release|Any CPU
		{2DC9D968-8816-B8B1-B3ED-CB90CFAB522A}.Debug|Any CPU.ActiveCfg = Debug|Any CPU
		{2DC9D968-8816-B8B1-B3ED-CB90CFAB522A}.Debug|Any CPU.Build.0 = Debug|Any CPU
		{2DC9D968-8816-B8B1-B3ED-CB90CFAB522A}.Release|Any CPU.ActiveCfg = Release|Any CPU
		{2DC9D968-8816-B8B1-B3ED-CB90CFAB522A}.Release|Any CPU.Build.0 = Release|Any CPU
		{CAC366E5-58D3-4F6E-8E78-83AD7B11C0AD}.Debug|Any CPU.ActiveCfg = Debug|Any CPU
		{CAC366E5-58D3-4F6E-8E78-83AD7B11C0AD}.Debug|Any CPU.Build.0 = Debug|Any CPU
		{CAC366E5-58D3-4F6E-8E78-83AD7B11C0AD}.Release|Any CPU.ActiveCfg = Release|Any CPU
		{CAC366E5-58D3-4F6E-8E78-83AD7B11C0AD}.Release|Any CPU.Build.0 = Release|Any CPU
		{ECD1C175-1499-4433-9265-BB5F9B175AC4}.Debug|Any CPU.ActiveCfg = Debug|Any CPU
		{ECD1C175-1499-4433-9265-BB5F9B175AC4}.Debug|Any CPU.Build.0 = Debug|Any CPU
		{ECD1C175-1499-4433-9265-BB5F9B175AC4}.Release|Any CPU.ActiveCfg = Release|Any CPU
		{ECD1C175-1499-4433-9265-BB5F9B175AC4}.Release|Any CPU.Build.0 = Release|Any CPU
		{DD60C60C-801F-4343-A755-ED80EF9E471A}.Debug|Any CPU.ActiveCfg = Debug|Any CPU
		{DD60C60C-801F-4343-A755-ED80EF9E471A}.Debug|Any CPU.Build.0 = Debug|Any CPU
		{DD60C60C-801F-4343-A755-ED80EF9E471A}.Release|Any CPU.ActiveCfg = Release|Any CPU
		{DD60C60C-801F-4343-A755-ED80EF9E471A}.Release|Any CPU.Build.0 = Release|Any CPU
		{CBE3DD59-6D20-1642-F6D6-C7C64851B947}.Debug|Any CPU.ActiveCfg = Debug|Any CPU
		{CBE3DD59-6D20-1642-F6D6-C7C64851B947}.Debug|Any CPU.Build.0 = Debug|Any CPU
		{CBE3DD59-6D20-1642-F6D6-C7C64851B947}.Release|Any CPU.ActiveCfg = Release|Any CPU
		{CBE3DD59-6D20-1642-F6D6-C7C64851B947}.Release|Any CPU.Build.0 = Release|Any CPU
		{D81F3355-FD12-4941-ADE1-F4C265CF086E}.Debug|Any CPU.ActiveCfg = Debug|Any CPU
		{D81F3355-FD12-4941-ADE1-F4C265CF086E}.Debug|Any CPU.Build.0 = Debug|Any CPU
		{D81F3355-FD12-4941-ADE1-F4C265CF086E}.Release|Any CPU.ActiveCfg = Release|Any CPU
		{D81F3355-FD12-4941-ADE1-F4C265CF086E}.Release|Any CPU.Build.0 = Release|Any CPU
		{9DDA6142-16BC-404B-8814-25BE168350AD}.Debug|Any CPU.ActiveCfg = Debug|Any CPU
		{9DDA6142-16BC-404B-8814-25BE168350AD}.Debug|Any CPU.Build.0 = Debug|Any CPU
		{9DDA6142-16BC-404B-8814-25BE168350AD}.Release|Any CPU.ActiveCfg = Release|Any CPU
		{9DDA6142-16BC-404B-8814-25BE168350AD}.Release|Any CPU.Build.0 = Release|Any CPU
		{9A6336F0-6BD2-496B-B744-D5256BB2F04F}.Debug|Any CPU.ActiveCfg = Debug|Any CPU
		{9A6336F0-6BD2-496B-B744-D5256BB2F04F}.Debug|Any CPU.Build.0 = Debug|Any CPU
		{9A6336F0-6BD2-496B-B744-D5256BB2F04F}.Release|Any CPU.ActiveCfg = Release|Any CPU
		{9A6336F0-6BD2-496B-B744-D5256BB2F04F}.Release|Any CPU.Build.0 = Release|Any CPU
		{B14987C4-9A6B-8FF6-B246-A0313E15E1C8}.Debug|Any CPU.ActiveCfg = Debug|Any CPU
		{B14987C4-9A6B-8FF6-B246-A0313E15E1C8}.Debug|Any CPU.Build.0 = Debug|Any CPU
		{B14987C4-9A6B-8FF6-B246-A0313E15E1C8}.Release|Any CPU.ActiveCfg = Release|Any CPU
		{B14987C4-9A6B-8FF6-B246-A0313E15E1C8}.Release|Any CPU.Build.0 = Release|Any CPU
		{6A9C229F-BD62-4AF2-87F3-0EC164C31092}.Debug|Any CPU.ActiveCfg = Debug|Any CPU
		{6A9C229F-BD62-4AF2-87F3-0EC164C31092}.Debug|Any CPU.Build.0 = Debug|Any CPU
		{6A9C229F-BD62-4AF2-87F3-0EC164C31092}.Release|Any CPU.ActiveCfg = Release|Any CPU
		{6A9C229F-BD62-4AF2-87F3-0EC164C31092}.Release|Any CPU.Build.0 = Release|Any CPU
		{686B7AA9-D0B3-4894-A11E-E30CC9A203B4}.Debug|Any CPU.ActiveCfg = Debug|Any CPU
		{686B7AA9-D0B3-4894-A11E-E30CC9A203B4}.Debug|Any CPU.Build.0 = Debug|Any CPU
		{686B7AA9-D0B3-4894-A11E-E30CC9A203B4}.Release|Any CPU.ActiveCfg = Release|Any CPU
		{686B7AA9-D0B3-4894-A11E-E30CC9A203B4}.Release|Any CPU.Build.0 = Release|Any CPU
		{9675C462-B0B8-4407-9937-860F765D063C}.Debug|Any CPU.ActiveCfg = Debug|Any CPU
		{9675C462-B0B8-4407-9937-860F765D063C}.Debug|Any CPU.Build.0 = Debug|Any CPU
		{9675C462-B0B8-4407-9937-860F765D063C}.Release|Any CPU.ActiveCfg = Release|Any CPU
		{9675C462-B0B8-4407-9937-860F765D063C}.Release|Any CPU.Build.0 = Release|Any CPU
		{8927A0F8-DE65-4B20-8519-D676328F9F49}.Debug|Any CPU.ActiveCfg = Debug|Any CPU
		{8927A0F8-DE65-4B20-8519-D676328F9F49}.Debug|Any CPU.Build.0 = Debug|Any CPU
		{8927A0F8-DE65-4B20-8519-D676328F9F49}.Release|Any CPU.ActiveCfg = Release|Any CPU
		{8927A0F8-DE65-4B20-8519-D676328F9F49}.Release|Any CPU.Build.0 = Release|Any CPU
		{6C14755A-E006-409E-A9E5-08AC3179C700}.Debug|Any CPU.ActiveCfg = Debug|Any CPU
		{6C14755A-E006-409E-A9E5-08AC3179C700}.Debug|Any CPU.Build.0 = Debug|Any CPU
		{6C14755A-E006-409E-A9E5-08AC3179C700}.Release|Any CPU.ActiveCfg = Release|Any CPU
		{6C14755A-E006-409E-A9E5-08AC3179C700}.Release|Any CPU.Build.0 = Release|Any CPU
		{628CFBFB-7457-40A7-BC4F-B757143B3500}.Debug|Any CPU.ActiveCfg = Debug|Any CPU
		{628CFBFB-7457-40A7-BC4F-B757143B3500}.Debug|Any CPU.Build.0 = Debug|Any CPU
		{628CFBFB-7457-40A7-BC4F-B757143B3500}.Release|Any CPU.ActiveCfg = Release|Any CPU
		{628CFBFB-7457-40A7-BC4F-B757143B3500}.Release|Any CPU.Build.0 = Release|Any CPU
		{12162727-C681-450D-939F-B90002A16DF9}.Debug|Any CPU.ActiveCfg = Debug|Any CPU
		{12162727-C681-450D-939F-B90002A16DF9}.Debug|Any CPU.Build.0 = Debug|Any CPU
		{12162727-C681-450D-939F-B90002A16DF9}.Release|Any CPU.ActiveCfg = Release|Any CPU
		{12162727-C681-450D-939F-B90002A16DF9}.Release|Any CPU.Build.0 = Release|Any CPU
	EndGlobalSection
	GlobalSection(SolutionProperties) = preSolution
		HideSolutionNode = FALSE
	EndGlobalSection
	GlobalSection(NestedProjects) = preSolution
		{5B2506BB-B112-430E-8456-106811AE2212} = {02EA681E-C7D8-13C7-8484-4AC65E1B71E8}
		{D5D79805-7C8D-D9EC-4415-C2311E9CB1CA} = {02EA681E-C7D8-13C7-8484-4AC65E1B71E8}
		{EF4A98B1-39FC-A74F-C22B-231A7E344CEA} = {02EA681E-C7D8-13C7-8484-4AC65E1B71E8}
		{4736C186-1CA0-7E63-AC95-364FD333345E} = {02EA681E-C7D8-13C7-8484-4AC65E1B71E8}
		{080B353B-82E5-C01E-5C47-78BF62A15506} = {02EA681E-C7D8-13C7-8484-4AC65E1B71E8}
		{1CDF84D1-DAED-4FD9-B497-72C85AC62C65} = {02EA681E-C7D8-13C7-8484-4AC65E1B71E8}
		{B0050AB6-CD54-4983-99EB-D039DA23B2C4} = {1CDF84D1-DAED-4FD9-B497-72C85AC62C65}
		{4EC406D7-42A6-4C4B-8CB7-47632DA27A33} = {1CDF84D1-DAED-4FD9-B497-72C85AC62C65}
		{805F1096-9EC4-4D7D-9B9F-E660931ABBE4} = {1CDF84D1-DAED-4FD9-B497-72C85AC62C65}
		{88062793-29E8-404D-9D2A-428696402E71} = {1CDF84D1-DAED-4FD9-B497-72C85AC62C65}
		{B7CB2C00-47FF-4ADA-ACE7-710C71A0B848} = {1CDF84D1-DAED-4FD9-B497-72C85AC62C65}
		{AE771EF2-A7EB-4B2C-150A-50B9D2B740E5} = {88062793-29E8-404D-9D2A-428696402E71}
		{D6E4361B-06DD-4F9C-AE83-0473A0516D20} = {88062793-29E8-404D-9D2A-428696402E71}
		{54DF641A-CEC1-4CC5-B2FE-E0D132319571} = {88062793-29E8-404D-9D2A-428696402E71}
		{43A54AC0-B7AE-4C06-BDC4-E50C53A96CE5} = {88062793-29E8-404D-9D2A-428696402E71}
		{79775C01-F4F5-46D8-9DFA-9B3EA95D754A} = {88062793-29E8-404D-9D2A-428696402E71}
		{A9A92774-EBAF-DBFE-9265-7FCCD2882EEB} = {B0050AB6-CD54-4983-99EB-D039DA23B2C4}
		{C173366D-8E52-4A91-97E7-00F4E78A9857} = {B0050AB6-CD54-4983-99EB-D039DA23B2C4}
		{C6BEF0C2-EE5A-4015-B702-1B099078CABA} = {B0050AB6-CD54-4983-99EB-D039DA23B2C4}
		{F3172545-8F46-470D-ADC4-4533F2DDAAD2} = {B0050AB6-CD54-4983-99EB-D039DA23B2C4}
		{2DC9D968-8816-B8B1-B3ED-CB90CFAB522A} = {805F1096-9EC4-4D7D-9B9F-E660931ABBE4}
		{CAC366E5-58D3-4F6E-8E78-83AD7B11C0AD} = {805F1096-9EC4-4D7D-9B9F-E660931ABBE4}
		{ECD1C175-1499-4433-9265-BB5F9B175AC4} = {805F1096-9EC4-4D7D-9B9F-E660931ABBE4}
		{DD60C60C-801F-4343-A755-ED80EF9E471A} = {805F1096-9EC4-4D7D-9B9F-E660931ABBE4}
		{CBE3DD59-6D20-1642-F6D6-C7C64851B947} = {4EC406D7-42A6-4C4B-8CB7-47632DA27A33}
		{D81F3355-FD12-4941-ADE1-F4C265CF086E} = {4EC406D7-42A6-4C4B-8CB7-47632DA27A33}
		{9DDA6142-16BC-404B-8814-25BE168350AD} = {4EC406D7-42A6-4C4B-8CB7-47632DA27A33}
		{9A6336F0-6BD2-496B-B744-D5256BB2F04F} = {4EC406D7-42A6-4C4B-8CB7-47632DA27A33}
		{B14987C4-9A6B-8FF6-B246-A0313E15E1C8} = {B7CB2C00-47FF-4ADA-ACE7-710C71A0B848}
		{6A9C229F-BD62-4AF2-87F3-0EC164C31092} = {B7CB2C00-47FF-4ADA-ACE7-710C71A0B848}
		{686B7AA9-D0B3-4894-A11E-E30CC9A203B4} = {B7CB2C00-47FF-4ADA-ACE7-710C71A0B848}
		{9675C462-B0B8-4407-9937-860F765D063C} = {B7CB2C00-47FF-4ADA-ACE7-710C71A0B848}
		{8927A0F8-DE65-4B20-8519-D676328F9F49} = {B7CB2C00-47FF-4ADA-ACE7-710C71A0B848}
		{6C14755A-E006-409E-A9E5-08AC3179C700} = {805F1096-9EC4-4D7D-9B9F-E660931ABBE4}
		{628CFBFB-7457-40A7-BC4F-B757143B3500} = {B0050AB6-CD54-4983-99EB-D039DA23B2C4}
		{12162727-C681-450D-939F-B90002A16DF9} = {4EC406D7-42A6-4C4B-8CB7-47632DA27A33}
	EndGlobalSection
	GlobalSection(ExtensibilityGlobals) = postSolution
		SolutionGuid = {EE793F3B-38B3-4334-9973-DCB0E87C99AF}
	EndGlobalSection
EndGlobal
